
Microsoft Visual Studio Solution File, Format Version 12.00
# Visual Studio Version 16
VisualStudioVersion = 16.0.29318.209
MinimumVisualStudioVersion = 10.0.40219.1
Project("{FAE04EC0-301F-11D3-BF4B-00C04F79EFBC}") = "Einf_CSharp", "Einf_CSharp\Einf_CSharp.csproj", "{8EDC14C2-4EA8-4E58-ACEA-965BA6FCC145}"
EndProject
Project("{FAE04EC0-301F-11D3-BF4B-00C04F79EFBC}") = "Einf_Calc2", "Einf_Calc2\Einf_Calc2.csproj", "{E34AA320-3509-4866-AA89-5D6001C4C142}"
EndProject
Project("{FAE04EC0-301F-11D3-BF4B-00C04F79EFBC}") = "Try_Windows Calc", "Try_Windows Calc\Try_Windows Calc.csproj", "{24EB698C-3B88-4DE7-9386-EA49E05E5752}"
EndProject
Project("{FAE04EC0-301F-11D3-BF4B-00C04F79EFBC}") = "Try_Pong", "Try_Pong\Try_Pong.csproj", "{9D27A4C2-D8E2-4ED4-958C-9888D8FC4A2B}"
EndProject
Project("{FAE04EC0-301F-11D3-BF4B-00C04F79EFBC}") = "StopWatch1", "StopWatch1\StopWatch1.csproj", "{017A6EFB-105A-4C4D-A446-EE9F94BE9B51}"
EndProject
Project("{FAE04EC0-301F-11D3-BF4B-00C04F79EFBC}") = "Try_Examples", "Try_Examples\Try_Examples.csproj", "{9A7AEFC2-6972-4FD3-9A90-E2818BB5A5B1}"
EndProject
Project("{FAE04EC0-301F-11D3-BF4B-00C04F79EFBC}") = "Einf_Class2", "Einf_Class2\Einf_Class2.csproj", "{A95D04C0-B8E3-4554-8A40-A5A09396F473}"
EndProject
Global
	GlobalSection(SolutionConfigurationPlatforms) = preSolution
		Debug|Any CPU = Debug|Any CPU
		Release|Any CPU = Release|Any CPU
	EndGlobalSection
	GlobalSection(ProjectConfigurationPlatforms) = postSolution
		{8EDC14C2-4EA8-4E58-ACEA-965BA6FCC145}.Debug|Any CPU.ActiveCfg = Debug|Any CPU
		{8EDC14C2-4EA8-4E58-ACEA-965BA6FCC145}.Debug|Any CPU.Build.0 = Debug|Any CPU
		{8EDC14C2-4EA8-4E58-ACEA-965BA6FCC145}.Release|Any CPU.ActiveCfg = Release|Any CPU
		{8EDC14C2-4EA8-4E58-ACEA-965BA6FCC145}.Release|Any CPU.Build.0 = Release|Any CPU
		{E34AA320-3509-4866-AA89-5D6001C4C142}.Debug|Any CPU.ActiveCfg = Debug|Any CPU
		{E34AA320-3509-4866-AA89-5D6001C4C142}.Debug|Any CPU.Build.0 = Debug|Any CPU
		{E34AA320-3509-4866-AA89-5D6001C4C142}.Release|Any CPU.ActiveCfg = Release|Any CPU
		{E34AA320-3509-4866-AA89-5D6001C4C142}.Release|Any CPU.Build.0 = Release|Any CPU
		{24EB698C-3B88-4DE7-9386-EA49E05E5752}.Debug|Any CPU.ActiveCfg = Debug|Any CPU
		{24EB698C-3B88-4DE7-9386-EA49E05E5752}.Debug|Any CPU.Build.0 = Debug|Any CPU
		{24EB698C-3B88-4DE7-9386-EA49E05E5752}.Release|Any CPU.ActiveCfg = Release|Any CPU
		{24EB698C-3B88-4DE7-9386-EA49E05E5752}.Release|Any CPU.Build.0 = Release|Any CPU
		{9D27A4C2-D8E2-4ED4-958C-9888D8FC4A2B}.Debug|Any CPU.ActiveCfg = Debug|Any CPU
		{9D27A4C2-D8E2-4ED4-958C-9888D8FC4A2B}.Debug|Any CPU.Build.0 = Debug|Any CPU
		{9D27A4C2-D8E2-4ED4-958C-9888D8FC4A2B}.Release|Any CPU.ActiveCfg = Release|Any CPU
		{9D27A4C2-D8E2-4ED4-958C-9888D8FC4A2B}.Release|Any CPU.Build.0 = Release|Any CPU
		{017A6EFB-105A-4C4D-A446-EE9F94BE9B51}.Debug|Any CPU.ActiveCfg = Debug|Any CPU
		{017A6EFB-105A-4C4D-A446-EE9F94BE9B51}.Debug|Any CPU.Build.0 = Debug|Any CPU
		{017A6EFB-105A-4C4D-A446-EE9F94BE9B51}.Release|Any CPU.ActiveCfg = Release|Any CPU
		{017A6EFB-105A-4C4D-A446-EE9F94BE9B51}.Release|Any CPU.Build.0 = Release|Any CPU
		{9A7AEFC2-6972-4FD3-9A90-E2818BB5A5B1}.Debug|Any CPU.ActiveCfg = Debug|Any CPU
		{9A7AEFC2-6972-4FD3-9A90-E2818BB5A5B1}.Debug|Any CPU.Build.0 = Debug|Any CPU
		{9A7AEFC2-6972-4FD3-9A90-E2818BB5A5B1}.Release|Any CPU.ActiveCfg = Release|Any CPU
		{9A7AEFC2-6972-4FD3-9A90-E2818BB5A5B1}.Release|Any CPU.Build.0 = Release|Any CPU
		{A95D04C0-B8E3-4554-8A40-A5A09396F473}.Debug|Any CPU.ActiveCfg = Debug|Any CPU
		{A95D04C0-B8E3-4554-8A40-A5A09396F473}.Debug|Any CPU.Build.0 = Debug|Any CPU
		{A95D04C0-B8E3-4554-8A40-A5A09396F473}.Release|Any CPU.ActiveCfg = Release|Any CPU
		{A95D04C0-B8E3-4554-8A40-A5A09396F473}.Release|Any CPU.Build.0 = Release|Any CPU
	EndGlobalSection
	GlobalSection(SolutionProperties) = preSolution
		HideSolutionNode = FALSE
	EndGlobalSection
	GlobalSection(ExtensibilityGlobals) = postSolution
		SolutionGuid = {836CE790-4F11-471F-B2DF-BAA7117E65E5}
	EndGlobalSection
EndGlobal
